
Microsoft Visual Studio Solution File, Format Version 12.00
# Visual Studio Version 17
VisualStudioVersion = 17.14.37614.0 d17.14
MinimumVisualStudioVersion = 10.0.40219.1
Project("{FAE04EC0-301F-11D3-BF4B-00C04F79EFBC}") = "View", "Lab1\View.csproj", "{C2A5AB89-413C-4FAB-B724-0B8299B393D8}"
EndProject
Project("{FAE04EC0-301F-11D3-BF4B-00C04F79EFBC}") = "Model", "Model\Model.csproj", "{13449733-4101-428C-8509-CF04411B481C}"
EndProject
Global
	GlobalSection(SolutionConfigurationPlatforms) = preSolution
		Debug|Any CPU = Debug|Any CPU
		Release|Any CPU = Release|Any CPU
	EndGlobalSection
	GlobalSection(ProjectConfigurationPlatforms) = postSolution
		{C2A5AB89-413C-4FAB-B724-0B8299B393D8}.Debug|Any CPU.ActiveCfg = Debug|Any CPU
		{C2A5AB89-413C-4FAB-B724-0B8299B393D8}.Debug|Any CPU.Build.0 = Debug|Any CPU
		{C2A5AB89-413C-4FAB-B724-0B8299B393D8}.Debug|Any CPU.Deploy.0 = Debug|Any CPU
		{C2A5AB89-413C-4FAB-B724-0B8299B393D8}.Release|Any CPU.ActiveCfg = Release|Any CPU
		{C2A5AB89-413C-4FAB-B724-0B8299B393D8}.Release|Any CPU.Build.0 = Release|Any CPU
		{13449733-4101-428C-8509-CF04411B481C}.Debug|Any CPU.ActiveCfg = Debug|Any CPU
		{13449733-4101-428C-8509-CF04411B481C}.Debug|Any CPU.Build.0 = Debug|Any CPU
		{13449733-4101-428C-8509-CF04411B481C}.Release|Any CPU.ActiveCfg = Release|Any CPU
		{13449733-4101-428C-8509-CF04411B481C}.Release|Any CPU.Build.0 = Release|Any CPU
	EndGlobalSection
	GlobalSection(SolutionProperties) = preSolution
		HideSolutionNode = FALSE
	EndGlobalSection
	GlobalSection(ExtensibilityGlobals) = postSolution
		SolutionGuid = {BEA3E4EE-0697-4AF1-9713-20CEFC3D4D3D}
	EndGlobalSection
EndGlobal
